
Microsoft Visual Studio Solution File, Format Version 12.00
# Visual Studio Version 17
VisualStudioVersion = 17.9.34723.18
MinimumVisualStudioVersion = 10.0.40219.1
Project("{9A19103F-16F7-4668-BE54-9A1E7A4F7556}") = "OpenGL", "OpenGL\OpenGL.csproj", "{C49AF53B-CB92-42B9-8344-E079E1C0CC4D}"
EndProject
Global
	GlobalSection(SolutionConfigurationPlatforms) = preSolution
		Debug|Any CPU = Debug|Any CPU
		Debug|x64 = Debug|x64
		Debug|x86 = Debug|x86
		Release|Any CPU = Release|Any CPU
		Release|x64 = Release|x64
		Release|x86 = Release|x86
	EndGlobalSection
	GlobalSection(ProjectConfigurationPlatforms) = postSolution
		{C49AF53B-CB92-42B9-8344-E079E1C0CC4D}.Debug|Any CPU.ActiveCfg = Debug|Any CPU
		{C49AF53B-CB92-42B9-8344-E079E1C0CC4D}.Debug|Any CPU.Build.0 = Debug|Any CPU
		{C49AF53B-CB92-42B9-8344-E079E1C0CC4D}.Debug|x64.ActiveCfg = Debug|x64
		{C49AF53B-CB92-42B9-8344-E079E1C0CC4D}.Debug|x64.Build.0 = Debug|x64
		{C49AF53B-CB92-42B9-8344-E079E1C0CC4D}.Debug|x86.ActiveCfg = Debug|x86
		{C49AF53B-CB92-42B9-8344-E079E1C0CC4D}.Debug|x86.Build.0 = Debug|x86
		{C49AF53B-CB92-42B9-8344-E079E1C0CC4D}.Release|Any CPU.ActiveCfg = Release|Any CPU
		{C49AF53B-CB92-42B9-8344-E079E1C0CC4D}.Release|Any CPU.Build.0 = Release|Any CPU
		{C49AF53B-CB92-42B9-8344-E079E1C0CC4D}.Release|x64.ActiveCfg = Release|x64
		{C49AF53B-CB92-42B9-8344-E079E1C0CC4D}.Release|x64.Build.0 = Release|x64
		{C49AF53B-CB92-42B9-8344-E079E1C0CC4D}.Release|x86.ActiveCfg = Release|x86
		{C49AF53B-CB92-42B9-8344-E079E1C0CC4D}.Release|x86.Build.0 = Release|x86
	EndGlobalSection
	GlobalSection(SolutionProperties) = preSolution
		HideSolutionNode = FALSE
	EndGlobalSection
	GlobalSection(ExtensibilityGlobals) = postSolution
		SolutionGuid = {38B6474B-0C3B-4908-8E35-98EED080F56E}
	EndGlobalSection
EndGlobal
